
Microsoft Visual Studio Solution File, Format Version 12.00
# Visual Studio Version 16
VisualStudioVersion = 16.0.28917.181
MinimumVisualStudioVersion = 10.0.40219.1
Project("{2150E333-8FDC-42A3-9474-1A3956D46DE8}") = "Solution Items", "Solution Items", "{3AF739CD-81D8-428D-A08A-0A58372DEBF6}"
	ProjectSection(SolutionItems) = preProject
		.appveyor.yml = .appveyor.yml
		.dockerignore = .dockerignore
		.env = .env
		.gitignore = .gitignore
		.travis.yml = .travis.yml
		build.cake = build.cake
		Local.testsettings = Local.testsettings
		README.md = README.md
	EndProjectSection
EndProject
Project("{2150E333-8FDC-42A3-9474-1A3956D46DE8}") = "src", "src", "{2D1B7DCA-3191-416F-88A4-B8B64227F881}"
EndProject
Project("{2150E333-8FDC-42A3-9474-1A3956D46DE8}") = "Front", "Front", "{0152C314-E477-4C62-836C-C3F6614A73C8}"
EndProject
Project("{2150E333-8FDC-42A3-9474-1A3956D46DE8}") = "Back", "Back", "{92ECF042-3522-4CBA-B6DF-A1B07AA3086C}"
EndProject
Project("{2150E333-8FDC-42A3-9474-1A3956D46DE8}") = "TransacoesFinanceiras", "TransacoesFinanceiras", "{3247861D-DEE5-4730-9AAA-3FC7A9216526}"
EndProject
Project("{2150E333-8FDC-42A3-9474-1A3956D46DE8}") = "TransacoesFinanceiras", "TransacoesFinanceiras", "{D53CA599-2D67-4E85-9608-51F86272847B}"
EndProject
Project("{9A19103F-16F7-4668-BE54-9A1E7A4F7556}") = "MAGVA.Back.TransacoesFinanceiras", "src\Back\TransacoesFinanceiras\MAGVA.Back.TransacoesFinanceiras\MAGVA.Back.TransacoesFinanceiras.csproj", "{35554B17-64AC-4B51-99D5-CCBEFE21AB92}"
EndProject
Project("{E53339B2-1760-4266-BCC7-CA923CBCF16C}") = "docker-compose", "docker-compose.dcproj", "{0E7BB4A8-FC3D-4D5A-B784-4AD4273520D0}"
EndProject
Project("{2150E333-8FDC-42A3-9474-1A3956D46DE8}") = "GlobalBase", "GlobalBase", "{AD75C8CC-3DBC-4CCC-A8AF-E35DB307EB89}"
EndProject
Project("{2150E333-8FDC-42A3-9474-1A3956D46DE8}") = "EventBus", "EventBus", "{0299021D-0A49-44D5-86F2-AA8259B013B7}"
EndProject
Project("{9A19103F-16F7-4668-BE54-9A1E7A4F7556}") = "MAGVA.GlobalBase.EventBus", "src\GlobalBase\EventBus\MAGVA.GlobalBase.EventBus\MAGVA.GlobalBase.EventBus.csproj", "{33C7FCB6-D20F-408A-8D21-1B9087B49034}"
EndProject
Project("{9A19103F-16F7-4668-BE54-9A1E7A4F7556}") = "MAGVA.GlobalBase.EventBusRabbitMQ", "src\GlobalBase\EventBus\MAGVA.GlobalBase.EventBusRabbitMQ\MAGVA.GlobalBase.EventBusRabbitMQ.csproj", "{B73353FB-58C4-409C-B09E-6A7980817738}"
EndProject
Project("{2150E333-8FDC-42A3-9474-1A3956D46DE8}") = "WatchDog", "WatchDog", "{0E8C8F74-197E-4A40-94CB-2694FF3769C7}"
EndProject
Project("{9A19103F-16F7-4668-BE54-9A1E7A4F7556}") = "MAGVA.Back.WatchDog", "src\Back\WatchDog\MAGVA.Back.WatchDog\MAGVA.Back.WatchDog.csproj", "{770A3654-7380-46F4-93F0-E61ACB805182}"
EndProject
Project("{2150E333-8FDC-42A3-9474-1A3956D46DE8}") = "Middle", "Middle", "{69434223-2C7D-44D8-A79A-69D239079B6A}"
EndProject
Project("{2150E333-8FDC-42A3-9474-1A3956D46DE8}") = "Security", "Security", "{925FFDFD-A44A-41E6-998A-D0EEB99F5BFC}"
EndProject
Project("{9A19103F-16F7-4668-BE54-9A1E7A4F7556}") = "MAGVA.Middle.Security.Admin", "src\Middle\Security\src\MAGVA.Middle.Security.Admin\MAGVA.Middle.Security.Admin.csproj", "{E30A39A4-BEEA-4F3A-94B3-CD66F270D750}"
EndProject
Project("{9A19103F-16F7-4668-BE54-9A1E7A4F7556}") = "MAGVA.Middle.Security.Admin.BusinessLogic", "src\Middle\Security\src\MAGVA.Middle.Security.Admin.BusinessLogic\MAGVA.Middle.Security.Admin.BusinessLogic.csproj", "{AA797670-9B4C-4238-9340-3D8A176CC8E2}"
EndProject
Project("{9A19103F-16F7-4668-BE54-9A1E7A4F7556}") = "MAGVA.Middle.Security.Admin.EntityFramework", "src\Middle\Security\src\MAGVA.Middle.Security.Admin.EntityFramework\MAGVA.Middle.Security.Admin.EntityFramework.csproj", "{3231265F-081B-4F11-A71D-3582CE8EF6A2}"
EndProject
Project("{9A19103F-16F7-4668-BE54-9A1E7A4F7556}") = "MAGVA.Middle.Security.AspNetIdentity", "src\Middle\Security\src\MAGVA.Middle.Security.AspNetIdentity\MAGVA.Middle.Security.AspNetIdentity.csproj", "{9FEA2C3F-6184-4704-8235-06D8BA7606D4}"
EndProject
Project("{9A19103F-16F7-4668-BE54-9A1E7A4F7556}") = "MAGVA.GlobalBase.IntegrationEventLogEF", "src\GlobalBase\EventBus\MAGVA.GlobalBase.IntegrationEventLogEF\MAGVA.GlobalBase.IntegrationEventLogEF.csproj", "{0E989348-4B6A-41B2-AF44-7A01F8E67464}"
EndProject
Project("{9A19103F-16F7-4668-BE54-9A1E7A4F7556}") = "MAGVA.Back.TransacoesFinanceiras.Domain", "src\Back\TransacoesFinanceiras\MAGVA.Back.TransacoesFinanceiras.Domain\MAGVA.Back.TransacoesFinanceiras.Domain.csproj", "{170811C1-6FEB-4C9C-80DA-193A6D8DD905}"
EndProject
Project("{9A19103F-16F7-4668-BE54-9A1E7A4F7556}") = "MAGVA.Back.TransacoesFinanceiras.Infrastructure", "src\Back\TransacoesFinanceiras\MAGVA.Back.TransacoesFinanceiras.Infrastructure\MAGVA.Back.TransacoesFinanceiras.Infrastructure.csproj", "{AD19ACCA-70FF-44BB-837E-937AB420C544}"
EndProject
Project("{2150E333-8FDC-42A3-9474-1A3956D46DE8}") = "WebHost", "WebHost", "{E8581259-3D35-4055-8992-1AD879DF3A74}"
EndProject
Project("{9A19103F-16F7-4668-BE54-9A1E7A4F7556}") = "MAGVA.GlobalBase.WebHost.Customization", "src\GlobalBase\WebHost\MAGVA.GlobalBase.WebHost.Customization\MAGVA.GlobalBase.WebHost.Customization.csproj", "{9E6FEA27-8A24-404B-9A87-0D8D06A1C656}"
EndProject
Project("{FAE04EC0-301F-11D3-BF4B-00C04F79EFBC}") = "MAGVA.GlobalBase.EventBus.EventBusServiceBus", "src\GlobalBase\EventBus\MAGVA.GlobalBase.EventBus.EventBusServiceBus\MAGVA.GlobalBase.EventBus.EventBusServiceBus.csproj", "{A09986DD-D808-4F0A-94B1-893F9AB3F348}"
EndProject
Project("{FAE04EC0-301F-11D3-BF4B-00C04F79EFBC}") = "MAGVA.Back.TransacoesFinanceiras.Tests", "src\Back\TransacoesFinanceiras\MAGVA.Back.TransacoesFinanceiras.Tests\MAGVA.Back.TransacoesFinanceiras.Tests.csproj", "{58074A20-071F-4A35-9B86-7DFF9726D368}"
EndProject
Project("{FAE04EC0-301F-11D3-BF4B-00C04F79EFBC}") = "MAGVA.Front.TransacoesFinanceiras", "src\Front\TransacoesFinanceiras\MAGVA.Front.TransacoesFinanceiras\MAGVA.Front.TransacoesFinanceiras.csproj", "{5A36880B-7C6C-4C6F-8739-D7B2A62A67A7}"
EndProject
Global
	GlobalSection(SolutionConfigurationPlatforms) = preSolution
		Debug|Any CPU = Debug|Any CPU
		Release|Any CPU = Release|Any CPU
	EndGlobalSection
	GlobalSection(ProjectConfigurationPlatforms) = postSolution
		{35554B17-64AC-4B51-99D5-CCBEFE21AB92}.Debug|Any CPU.ActiveCfg = Debug|Any CPU
		{35554B17-64AC-4B51-99D5-CCBEFE21AB92}.Debug|Any CPU.Build.0 = Debug|Any CPU
		{35554B17-64AC-4B51-99D5-CCBEFE21AB92}.Release|Any CPU.ActiveCfg = Release|Any CPU
		{35554B17-64AC-4B51-99D5-CCBEFE21AB92}.Release|Any CPU.Build.0 = Release|Any CPU
		{0E7BB4A8-FC3D-4D5A-B784-4AD4273520D0}.Debug|Any CPU.ActiveCfg = Debug|Any CPU
		{0E7BB4A8-FC3D-4D5A-B784-4AD4273520D0}.Debug|Any CPU.Build.0 = Debug|Any CPU
		{0E7BB4A8-FC3D-4D5A-B784-4AD4273520D0}.Release|Any CPU.ActiveCfg = Release|Any CPU
		{0E7BB4A8-FC3D-4D5A-B784-4AD4273520D0}.Release|Any CPU.Build.0 = Release|Any CPU
		{33C7FCB6-D20F-408A-8D21-1B9087B49034}.Debug|Any CPU.ActiveCfg = Debug|Any CPU
		{33C7FCB6-D20F-408A-8D21-1B9087B49034}.Debug|Any CPU.Build.0 = Debug|Any CPU
		{33C7FCB6-D20F-408A-8D21-1B9087B49034}.Release|Any CPU.ActiveCfg = Release|Any CPU
		{33C7FCB6-D20F-408A-8D21-1B9087B49034}.Release|Any CPU.Build.0 = Release|Any CPU
		{B73353FB-58C4-409C-B09E-6A7980817738}.Debug|Any CPU.ActiveCfg = Debug|Any CPU
		{B73353FB-58C4-409C-B09E-6A7980817738}.Debug|Any CPU.Build.0 = Debug|Any CPU
		{B73353FB-58C4-409C-B09E-6A7980817738}.Release|Any CPU.ActiveCfg = Release|Any CPU
		{B73353FB-58C4-409C-B09E-6A7980817738}.Release|Any CPU.Build.0 = Release|Any CPU
		{770A3654-7380-46F4-93F0-E61ACB805182}.Debug|Any CPU.ActiveCfg = Debug|Any CPU
		{770A3654-7380-46F4-93F0-E61ACB805182}.Debug|Any CPU.Build.0 = Debug|Any CPU
		{770A3654-7380-46F4-93F0-E61ACB805182}.Release|Any CPU.ActiveCfg = Release|Any CPU
		{770A3654-7380-46F4-93F0-E61ACB805182}.Release|Any CPU.Build.0 = Release|Any CPU
		{E30A39A4-BEEA-4F3A-94B3-CD66F270D750}.Debug|Any CPU.ActiveCfg = Debug|Any CPU
		{E30A39A4-BEEA-4F3A-94B3-CD66F270D750}.Debug|Any CPU.Build.0 = Debug|Any CPU
		{E30A39A4-BEEA-4F3A-94B3-CD66F270D750}.Release|Any CPU.ActiveCfg = Release|Any CPU
		{E30A39A4-BEEA-4F3A-94B3-CD66F270D750}.Release|Any CPU.Build.0 = Release|Any CPU
		{AA797670-9B4C-4238-9340-3D8A176CC8E2}.Debug|Any CPU.ActiveCfg = Debug|Any CPU
		{AA797670-9B4C-4238-9340-3D8A176CC8E2}.Debug|Any CPU.Build.0 = Debug|Any CPU
		{AA797670-9B4C-4238-9340-3D8A176CC8E2}.Release|Any CPU.ActiveCfg = Release|Any CPU
		{AA797670-9B4C-4238-9340-3D8A176CC8E2}.Release|Any CPU.Build.0 = Release|Any CPU
		{3231265F-081B-4F11-A71D-3582CE8EF6A2}.Debug|Any CPU.ActiveCfg = Debug|Any CPU
		{3231265F-081B-4F11-A71D-3582CE8EF6A2}.Debug|Any CPU.Build.0 = Debug|Any CPU
		{3231265F-081B-4F11-A71D-3582CE8EF6A2}.Release|Any CPU.ActiveCfg = Release|Any CPU
		{3231265F-081B-4F11-A71D-3582CE8EF6A2}.Release|Any CPU.Build.0 = Release|Any CPU
		{9FEA2C3F-6184-4704-8235-06D8BA7606D4}.Debug|Any CPU.ActiveCfg = Debug|Any CPU
		{9FEA2C3F-6184-4704-8235-06D8BA7606D4}.Debug|Any CPU.Build.0 = Debug|Any CPU
		{9FEA2C3F-6184-4704-8235-06D8BA7606D4}.Release|Any CPU.ActiveCfg = Release|Any CPU
		{9FEA2C3F-6184-4704-8235-06D8BA7606D4}.Release|Any CPU.Build.0 = Release|Any CPU
		{0E989348-4B6A-41B2-AF44-7A01F8E67464}.Debug|Any CPU.ActiveCfg = Debug|Any CPU
		{0E989348-4B6A-41B2-AF44-7A01F8E67464}.Debug|Any CPU.Build.0 = Debug|Any CPU
		{0E989348-4B6A-41B2-AF44-7A01F8E67464}.Release|Any CPU.ActiveCfg = Release|Any CPU
		{0E989348-4B6A-41B2-AF44-7A01F8E67464}.Release|Any CPU.Build.0 = Release|Any CPU
		{170811C1-6FEB-4C9C-80DA-193A6D8DD905}.Debug|Any CPU.ActiveCfg = Debug|Any CPU
		{170811C1-6FEB-4C9C-80DA-193A6D8DD905}.Debug|Any CPU.Build.0 = Debug|Any CPU
		{170811C1-6FEB-4C9C-80DA-193A6D8DD905}.Release|Any CPU.ActiveCfg = Release|Any CPU
		{170811C1-6FEB-4C9C-80DA-193A6D8DD905}.Release|Any CPU.Build.0 = Release|Any CPU
		{AD19ACCA-70FF-44BB-837E-937AB420C544}.Debug|Any CPU.ActiveCfg = Debug|Any CPU
		{AD19ACCA-70FF-44BB-837E-937AB420C544}.Debug|Any CPU.Build.0 = Debug|Any CPU
		{AD19ACCA-70FF-44BB-837E-937AB420C544}.Release|Any CPU.ActiveCfg = Release|Any CPU
		{AD19ACCA-70FF-44BB-837E-937AB420C544}.Release|Any CPU.Build.0 = Release|Any CPU
		{9E6FEA27-8A24-404B-9A87-0D8D06A1C656}.Debug|Any CPU.ActiveCfg = Debug|Any CPU
		{9E6FEA27-8A24-404B-9A87-0D8D06A1C656}.Debug|Any CPU.Build.0 = Debug|Any CPU
		{9E6FEA27-8A24-404B-9A87-0D8D06A1C656}.Release|Any CPU.ActiveCfg = Release|Any CPU
		{9E6FEA27-8A24-404B-9A87-0D8D06A1C656}.Release|Any CPU.Build.0 = Release|Any CPU
		{A09986DD-D808-4F0A-94B1-893F9AB3F348}.Debug|Any CPU.ActiveCfg = Debug|Any CPU
		{A09986DD-D808-4F0A-94B1-893F9AB3F348}.Debug|Any CPU.Build.0 = Debug|Any CPU
		{A09986DD-D808-4F0A-94B1-893F9AB3F348}.Release|Any CPU.ActiveCfg = Release|Any CPU
		{A09986DD-D808-4F0A-94B1-893F9AB3F348}.Release|Any CPU.Build.0 = Release|Any CPU
		{58074A20-071F-4A35-9B86-7DFF9726D368}.Debug|Any CPU.ActiveCfg = Debug|Any CPU
		{58074A20-071F-4A35-9B86-7DFF9726D368}.Debug|Any CPU.Build.0 = Debug|Any CPU
		{58074A20-071F-4A35-9B86-7DFF9726D368}.Release|Any CPU.ActiveCfg = Release|Any CPU
		{58074A20-071F-4A35-9B86-7DFF9726D368}.Release|Any CPU.Build.0 = Release|Any CPU
		{5A36880B-7C6C-4C6F-8739-D7B2A62A67A7}.Debug|Any CPU.ActiveCfg = Debug|Any CPU
		{5A36880B-7C6C-4C6F-8739-D7B2A62A67A7}.Debug|Any CPU.Build.0 = Debug|Any CPU
		{5A36880B-7C6C-4C6F-8739-D7B2A62A67A7}.Release|Any CPU.ActiveCfg = Release|Any CPU
		{5A36880B-7C6C-4C6F-8739-D7B2A62A67A7}.Release|Any CPU.Build.0 = Release|Any CPU
	EndGlobalSection
	GlobalSection(SolutionProperties) = preSolution
		HideSolutionNode = FALSE
	EndGlobalSection
	GlobalSection(NestedProjects) = preSolution
		{0152C314-E477-4C62-836C-C3F6614A73C8} = {2D1B7DCA-3191-416F-88A4-B8B64227F881}
		{92ECF042-3522-4CBA-B6DF-A1B07AA3086C} = {2D1B7DCA-3191-416F-88A4-B8B64227F881}
		{3247861D-DEE5-4730-9AAA-3FC7A9216526} = {92ECF042-3522-4CBA-B6DF-A1B07AA3086C}
		{D53CA599-2D67-4E85-9608-51F86272847B} = {0152C314-E477-4C62-836C-C3F6614A73C8}
		{35554B17-64AC-4B51-99D5-CCBEFE21AB92} = {3247861D-DEE5-4730-9AAA-3FC7A9216526}
		{AD75C8CC-3DBC-4CCC-A8AF-E35DB307EB89} = {2D1B7DCA-3191-416F-88A4-B8B64227F881}
		{0299021D-0A49-44D5-86F2-AA8259B013B7} = {AD75C8CC-3DBC-4CCC-A8AF-E35DB307EB89}
		{33C7FCB6-D20F-408A-8D21-1B9087B49034} = {0299021D-0A49-44D5-86F2-AA8259B013B7}
		{B73353FB-58C4-409C-B09E-6A7980817738} = {0299021D-0A49-44D5-86F2-AA8259B013B7}
		{0E8C8F74-197E-4A40-94CB-2694FF3769C7} = {92ECF042-3522-4CBA-B6DF-A1B07AA3086C}
		{770A3654-7380-46F4-93F0-E61ACB805182} = {0E8C8F74-197E-4A40-94CB-2694FF3769C7}
		{69434223-2C7D-44D8-A79A-69D239079B6A} = {2D1B7DCA-3191-416F-88A4-B8B64227F881}
		{925FFDFD-A44A-41E6-998A-D0EEB99F5BFC} = {69434223-2C7D-44D8-A79A-69D239079B6A}
		{E30A39A4-BEEA-4F3A-94B3-CD66F270D750} = {925FFDFD-A44A-41E6-998A-D0EEB99F5BFC}
		{AA797670-9B4C-4238-9340-3D8A176CC8E2} = {925FFDFD-A44A-41E6-998A-D0EEB99F5BFC}
		{3231265F-081B-4F11-A71D-3582CE8EF6A2} = {925FFDFD-A44A-41E6-998A-D0EEB99F5BFC}
		{9FEA2C3F-6184-4704-8235-06D8BA7606D4} = {925FFDFD-A44A-41E6-998A-D0EEB99F5BFC}
		{0E989348-4B6A-41B2-AF44-7A01F8E67464} = {0299021D-0A49-44D5-86F2-AA8259B013B7}
		{170811C1-6FEB-4C9C-80DA-193A6D8DD905} = {3247861D-DEE5-4730-9AAA-3FC7A9216526}
		{AD19ACCA-70FF-44BB-837E-937AB420C544} = {3247861D-DEE5-4730-9AAA-3FC7A9216526}
		{E8581259-3D35-4055-8992-1AD879DF3A74} = {AD75C8CC-3DBC-4CCC-A8AF-E35DB307EB89}
		{9E6FEA27-8A24-404B-9A87-0D8D06A1C656} = {E8581259-3D35-4055-8992-1AD879DF3A74}
		{A09986DD-D808-4F0A-94B1-893F9AB3F348} = {0299021D-0A49-44D5-86F2-AA8259B013B7}
		{58074A20-071F-4A35-9B86-7DFF9726D368} = {3247861D-DEE5-4730-9AAA-3FC7A9216526}
		{5A36880B-7C6C-4C6F-8739-D7B2A62A67A7} = {D53CA599-2D67-4E85-9608-51F86272847B}
	EndGlobalSection
	GlobalSection(ExtensibilityGlobals) = postSolution
		SolutionGuid = {0BE9B91B-E91E-42E6-93E6-8E86F6032A50}
	EndGlobalSection
EndGlobal
